
Microsoft Visual Studio Solution File, Format Version 12.00
# Visual Studio Version 16
VisualStudioVersion = 16.0.30804.86
MinimumVisualStudioVersion = 10.0.40219.1
Project("{9A19103F-16F7-4668-BE54-9A1E7A4F7556}") = "Entities", "Entitie\Entities.csproj", "{B11F408C-33D6-4313-A553-2BE4027E9EEC}"
EndProject
Project("{9A19103F-16F7-4668-BE54-9A1E7A4F7556}") = "DataAccess", "DataAccess\DataAccess.csproj", "{4DCE8C63-A6F4-4CE4-9E00-E6A02CECB1A7}"
EndProject
Project("{9A19103F-16F7-4668-BE54-9A1E7A4F7556}") = "Business", "Business\Business.csproj", "{15F1FEA2-9EF6-4529-8C67-30350C09837B}"
EndProject
Project("{9A19103F-16F7-4668-BE54-9A1E7A4F7556}") = "ConsoleUI", "Console\ConsoleUI.csproj", "{962D2604-7D25-4D64-81B7-32E5D015FF2C}"
EndProject
Project("{9A19103F-16F7-4668-BE54-9A1E7A4F7556}") = "Core", "Core\Core.csproj", "{30EE3160-5709-4330-8B0B-17CB843A0D2B}"
EndProject
Project("{9A19103F-16F7-4668-BE54-9A1E7A4F7556}") = "WepAPI", "WepAPI\WepAPI.csproj", "{73CDC614-F884-4C63-88AD-47D9311296AF}"
EndProject
Global
	GlobalSection(SolutionConfigurationPlatforms) = preSolution
		Debug|Any CPU = Debug|Any CPU
		Release|Any CPU = Release|Any CPU
	EndGlobalSection
	GlobalSection(ProjectConfigurationPlatforms) = postSolution
		{B11F408C-33D6-4313-A553-2BE4027E9EEC}.Debug|Any CPU.ActiveCfg = Debug|Any CPU
		{B11F408C-33D6-4313-A553-2BE4027E9EEC}.Debug|Any CPU.Build.0 = Debug|Any CPU
		{B11F408C-33D6-4313-A553-2BE4027E9EEC}.Release|Any CPU.ActiveCfg = Release|Any CPU
		{B11F408C-33D6-4313-A553-2BE4027E9EEC}.Release|Any CPU.Build.0 = Release|Any CPU
		{4DCE8C63-A6F4-4CE4-9E00-E6A02CECB1A7}.Debug|Any CPU.ActiveCfg = Debug|Any CPU
		{4DCE8C63-A6F4-4CE4-9E00-E6A02CECB1A7}.Debug|Any CPU.Build.0 = Debug|Any CPU
		{4DCE8C63-A6F4-4CE4-9E00-E6A02CECB1A7}.Release|Any CPU.ActiveCfg = Release|Any CPU
		{4DCE8C63-A6F4-4CE4-9E00-E6A02CECB1A7}.Release|Any CPU.Build.0 = Release|Any CPU
		{15F1FEA2-9EF6-4529-8C67-30350C09837B}.Debug|Any CPU.ActiveCfg = Debug|Any CPU
		{15F1FEA2-9EF6-4529-8C67-30350C09837B}.Debug|Any CPU.Build.0 = Debug|Any CPU
		{15F1FEA2-9EF6-4529-8C67-30350C09837B}.Release|Any CPU.ActiveCfg = Release|Any CPU
		{15F1FEA2-9EF6-4529-8C67-30350C09837B}.Release|Any CPU.Build.0 = Release|Any CPU
		{962D2604-7D25-4D64-81B7-32E5D015FF2C}.Debug|Any CPU.ActiveCfg = Debug|Any CPU
		{962D2604-7D25-4D64-81B7-32E5D015FF2C}.Debug|Any CPU.Build.0 = Debug|Any CPU
		{962D2604-7D25-4D64-81B7-32E5D015FF2C}.Release|Any CPU.ActiveCfg = Release|Any CPU
		{962D2604-7D25-4D64-81B7-32E5D015FF2C}.Release|Any CPU.Build.0 = Release|Any CPU
		{30EE3160-5709-4330-8B0B-17CB843A0D2B}.Debug|Any CPU.ActiveCfg = Debug|Any CPU
		{30EE3160-5709-4330-8B0B-17CB843A0D2B}.Debug|Any CPU.Build.0 = Debug|Any CPU
		{30EE3160-5709-4330-8B0B-17CB843A0D2B}.Release|Any CPU.ActiveCfg = Release|Any CPU
		{30EE3160-5709-4330-8B0B-17CB843A0D2B}.Release|Any CPU.Build.0 = Release|Any CPU
		{73CDC614-F884-4C63-88AD-47D9311296AF}.Debug|Any CPU.ActiveCfg = Debug|Any CPU
		{73CDC614-F884-4C63-88AD-47D9311296AF}.Debug|Any CPU.Build.0 = Debug|Any CPU
		{73CDC614-F884-4C63-88AD-47D9311296AF}.Release|Any CPU.ActiveCfg = Release|Any CPU
		{73CDC614-F884-4C63-88AD-47D9311296AF}.Release|Any CPU.Build.0 = Release|Any CPU
	EndGlobalSection
	GlobalSection(SolutionProperties) = preSolution
		HideSolutionNode = FALSE
	EndGlobalSection
	GlobalSection(ExtensibilityGlobals) = postSolution
		SolutionGuid = {E8B8D1EE-C45F-4F4D-B2B1-968AF7891F89}
	EndGlobalSection
EndGlobal
